
Microsoft Visual Studio Solution File, Format Version 12.00
# Visual Studio Version 17
VisualStudioVersion = 17.1.32407.343
MinimumVisualStudioVersion = 10.0.40219.1
Project("{FAE04EC0-301F-11D3-BF4B-00C04F79EFBC}") = "UserApi", "UserApi\UserApi.csproj", "{8C45B0F8-989C-4C45-AA93-B5C3598052AE}"
EndProject
Global
	GlobalSection(SolutionConfigurationPlatforms) = preSolution
		Debug|Any CPU = Debug|Any CPU
		Release|Any CPU = Release|Any CPU
	EndGlobalSection
	GlobalSection(ProjectConfigurationPlatforms) = postSolution
		{8C45B0F8-989C-4C45-AA93-B5C3598052AE}.Debug|Any CPU.ActiveCfg = Debug|Any CPU
		{8C45B0F8-989C-4C45-AA93-B5C3598052AE}.Debug|Any CPU.Build.0 = Debug|Any CPU
		{8C45B0F8-989C-4C45-AA93-B5C3598052AE}.Release|Any CPU.ActiveCfg = Release|Any CPU
		{8C45B0F8-989C-4C45-AA93-B5C3598052AE}.Release|Any CPU.Build.0 = Release|Any CPU
	EndGlobalSection
	GlobalSection(SolutionProperties) = preSolution
		HideSolutionNode = FALSE
	EndGlobalSection
	GlobalSection(ExtensibilityGlobals) = postSolution
		SolutionGuid = {45AC6496-8B4D-4A9D-9A9F-784511DB89E8}
	EndGlobalSection
EndGlobal
